
Microsoft Visual Studio Solution File, Format Version 10.00
# Visual Studio 2008
Project("{E24C65DC-7377-472B-9ABA-BC803B73C61A}") = "alomos", ".", "{58D0B4CE-BDC8-4827-BC5D-69509A7C5EE0}"
	ProjectSection(WebsiteProperties) = preProject
		TargetFramework = "3.5"
		Debug.AspNetCompiler.VirtualPath = "/alomos"
		Debug.AspNetCompiler.PhysicalPath = "D:\jayesh\alomos\"
		Debug.AspNetCompiler.TargetPath = "PrecompiledWeb\alomos\"
		Debug.AspNetCompiler.Updateable = "true"
		Debug.AspNetCompiler.ForceOverwrite = "true"
		Debug.AspNetCompiler.FixedNames = "false"
		Debug.AspNetCompiler.Debug = "True"
		Release.AspNetCompiler.VirtualPath = "/alomos"
		Release.AspNetCompiler.PhysicalPath = "D:\jayesh\alomos\"
		Release.AspNetCompiler.TargetPath = "PrecompiledWeb\alomos\"
		Release.AspNetCompiler.Updateable = "true"
		Release.AspNetCompiler.ForceOverwrite = "true"
		Release.AspNetCompiler.FixedNames = "false"
		Release.AspNetCompiler.Debug = "False"
		VWDPort = "53104"
	EndProjectSection
EndProject
Global
	GlobalSection(SolutionConfigurationPlatforms) = preSolution
		Debug|.NET = Debug|.NET
	EndGlobalSection
	GlobalSection(ProjectConfigurationPlatforms) = postSolution
		{58D0B4CE-BDC8-4827-BC5D-69509A7C5EE0}.Debug|.NET.ActiveCfg = Debug|.NET
		{58D0B4CE-BDC8-4827-BC5D-69509A7C5EE0}.Debug|.NET.Build.0 = Debug|.NET
	EndGlobalSection
	GlobalSection(SolutionProperties) = preSolution
		HideSolutionNode = FALSE
	EndGlobalSection
EndGlobal
